github.com/crescolincs/lincs-theme v0.0.0-20240411183439-3d914405f255 h1:KlGVBmf0IkAaW59sByqA+idm1tVZ1OY/CeolRuM4Ubo=
github.com/crescolincs/lincs-theme v0.0.0-20240411183439-3d914405f255/go.mod h1:ni1ll4vPX/ckofk6OO22SrUB+Vgms2jSZSE5gRuN+UY=
github.com/crescolincs/lincs-theme v0.0.0-20240412163118-1f593b59c816 h1:jiTTWqp4si0/i++sSEqQrQxpKijC7/CC/BjOV7l+VPg=
github.com/crescolincs/lincs-theme v0.0.0-20240412163118-1f593b59c816/go.mod h1:ni1ll4vPX/ckofk6OO22SrUB+Vgms2jSZSE5gRuN+UY=
github.com/crescolincs/lincs-theme v0.0.0-20240413120218-30ad408d18f1 h1:thHgjyMjPM1NEI5PgdnUixkxam2CDEadLqdduxjRSvc=
github.com/crescolincs/lincs-theme v0.0.0-20240413120218-30ad408d18f1/go.mod h1:ni1ll4vPX/ckofk6OO22SrUB+Vgms2jSZSE5gRuN+UY=
github.com/crescolincs/lincs-theme v0.0.0-20240413142044-6ac5dbee2ae4 h1:Jfz91dX6zT42gN64sAjnzjV/HKSZCky2dvdUbm0SlPM=
github.com/crescolincs/lincs-theme v0.0.0-20240413142044-6ac5dbee2ae4/go.mod h1:ni1ll4vPX/ckofk6OO22SrUB+Vgms2jSZSE5gRuN+UY=
github.com/crescolincs/lincs-theme v0.0.0-20240413142503-e014b0126658 h1:UYTkG4RkCd7SOaaln56IVf5788GwzYXO0t7DGRcp2+o=
github.com/crescolincs/lincs-theme v0.0.0-20240413142503-e014b0126658/go.mod h1:ni1ll4vPX/ckofk6OO22SrUB+Vgms2jSZSE5gRuN+UY=
github.com/crescolincs/lincs-theme v0.0.0-20240416115914-3b9a224865be h1:B3Vi6EmjDXcCYOtRM0hfNznV6wN/1eJKftq25MgVy5w=
github.com/crescolincs/lincs-theme v0.0.0-20240416115914-3b9a224865be/go.mod h1:ni1ll4vPX/ckofk6OO22SrUB+Vgms2jSZSE5gRuN+UY=
github.com/crescolincs/lincs-theme v0.0.0-20240417114538-0690661b7ab7 h1:A2XNaO+MVJQLkZeqhMLGDaHLhfHT1K03X7sH3NB7XSo=
github.com/crescolincs/lincs-theme v0.0.0-20240417114538-0690661b7ab7/go.mod h1:ni1ll4vPX/ckofk6OO22SrUB+Vgms2jSZSE5gRuN+UY=
github.com/crescolincs/lincs-theme v0.0.0-20240417181533-51c9946b3398 h1:b/uDjQGgc2P2e0ko62e5y1p0I6UyN1reBOnEG8Qn1zw=
github.com/crescolincs/lincs-theme v0.0.0-20240417181533-51c9946b3398/go.mod h1:ni1ll4vPX/ckofk6OO22SrUB+Vgms2jSZSE5gRuN+UY=
github.com/crescolincs/lincs-theme v0.0.0-20240418075452-236b6767a75b h1:RY3UVs8vuJ3GFDKncN176kYifdp/0Z+F5HfMpSHpPGQ=
github.com/crescolincs/lincs-theme v0.0.0-20240418075452-236b6767a75b/go.mod h1:ni1ll4vPX/ckofk6OO22SrUB+Vgms2jSZSE5gRuN+UY=
github.com/crescolincs/lincs-theme v0.0.0-20240418080848-d61b525d17f1 h1:MvyTnIo1zYCtqreOuj27NbLsEuVAoHoSYBhspZNuHrw=
github.com/crescolincs/lincs-theme v0.0.0-20240418080848-d61b525d17f1/go.mod h1:ni1ll4vPX/ckofk6OO22SrUB+Vgms2jSZSE5gRuN+UY=
github.com/crescolincs/lincs-theme v0.0.0-20240418082145-a46407d7cc90 h1:JZESD0Feqx0hi1kr8yM3t1O4D2au4smHBWHoFshWxEU=
github.com/crescolincs/lincs-theme v0.0.0-20240418082145-a46407d7cc90/go.mod h1:ni1ll4vPX/ckofk6OO22SrUB+Vgms2jSZSE5gRuN+UY=
github.com/crescolincs/lincs-theme v0.0.0-20240419110615-88b8d4e4ac16 h1:GyTZFGZADwcoYNhMEler+oB6FYqNo8gbcdsqRDG87gE=
github.com/crescolincs/lincs-theme v0.0.0-20240419110615-88b8d4e4ac16/go.mod h1:ni1ll4vPX/ckofk6OO22SrUB+Vgms2jSZSE5gRuN+UY=
github.com/crescolincs/lincs-theme v0.0.0-20240419115550-811f73512ff5 h1:FCR7mmtbWni4BE0SkgD2LKgGt8MdhLRNWws+jAIYb+Y=
github.com/crescolincs/lincs-theme v0.0.0-20240419115550-811f73512ff5/go.mod h1:ni1ll4vPX/ckofk6OO22SrUB+Vgms2jSZSE5gRuN+UY=
github.com/crescolincs/lincs-theme v0.0.0-20240419153849-183e85481e50 h1:IcWoF5brXlKYy6Te3S71323ZpZsTIIXwdylY18vRPe4=
github.com/crescolincs/lincs-theme v0.0.0-20240419153849-183e85481e50/go.mod h1:ni1ll4vPX/ckofk6OO22SrUB+Vgms2jSZSE5gRuN+UY=
github.com/crescolincs/lincs-theme v0.0.0-20240505142946-99dae2c51177 h1:NuRmKAoR30Y4umoL8asgONjRRMhRA0rrshdBQdLfpIU=
github.com/crescolincs/lincs-theme v0.0.0-20240505142946-99dae2c51177/go.mod h1:ni1ll4vPX/ckofk6OO22SrUB+Vgms2jSZSE5gRuN+UY=
github.com/crescolincs/lincs-theme v0.0.0-20240507163038-0466ba6e6d94 h1:rJ0jfcNsqvrO3Dp4L2HQscF3n4qPXsOV5ipQJqSR6N8=
github.com/crescolincs/lincs-theme v0.0.0-20240507163038-0466ba6e6d94/go.mod h1:ni1ll4vPX/ckofk6OO22SrUB+Vgms2jSZSE5gRuN+UY=
github.com/crescolincs/lincs-theme v0.0.0-20240508114720-61596d6e270d h1:P1ZlyVRZZd6kNaUnrg2i1vdsje3SUO4/1A5XbC/eCtc=
github.com/crescolincs/lincs-theme v0.0.0-20240508114720-61596d6e270d/go.mod h1:ni1ll4vPX/ckofk6OO22SrUB+Vgms2jSZSE5gRuN+UY=
github.com/crescolincs/lincs-theme v0.0.0-20240508121755-0732fee54a86 h1:zOPZXhlP+bo9u0vr51/QZjzs1NUMEKBkTWVIiTlFeT0=
github.com/crescolincs/lincs-theme v0.0.0-20240508121755-0732fee54a86/go.mod h1:ni1ll4vPX/ckofk6OO22SrUB+Vgms2jSZSE5gRuN+UY=
github.com/crescolincs/lincs-theme v0.0.0-20240508141336-829f092ec981 h1:Uaz1yZvxa7iOKin9oJYUG9lH9yZ+mFrWPkauDize3qY=
github.com/crescolincs/lincs-theme v0.0.0-20240508141336-829f092ec981/go.mod h1:ni1ll4vPX/ckofk6OO22SrUB+Vgms2jSZSE5gRuN+UY=
github.com/crescolincs/lincs-theme v0.0.0-20240514153754-e80c0ec84c18 h1:pdPXTSiPVnZtD00rc0DYP72Uc490aOIW6S6/AzpK4Ng=
github.com/crescolincs/lincs-theme v0.0.0-20240514153754-e80c0ec84c18/go.mod h1:ni1ll4vPX/ckofk6OO22SrUB+Vgms2jSZSE5gRuN+UY=
github.com/crescolincs/lincs-theme v0.0.0-20240515094351-4ac04013ab97 h1:da3ZI5j0UJno8LeUhbJWf078CIN74uCBNvofqAfOOzU=
github.com/crescolincs/lincs-theme v0.0.0-20240515094351-4ac04013ab97/go.mod h1:ni1ll4vPX/ckofk6OO22SrUB+Vgms2jSZSE5gRuN+UY=
github.com/crescolincs/lincs-theme v0.0.0-20240515111009-a451a017f7a4 h1:cSf4LdE9vWTzrQXZdnMuONuQcZu/4aXfrxIa7Sa49Co=
github.com/crescolincs/lincs-theme v0.0.0-20240515111009-a451a017f7a4/go.mod h1:ni1ll4vPX/ckofk6OO22SrUB+Vgms2jSZSE5gRuN+UY=
github.com/crescolincs/lincs-theme v0.0.0-20240517113703-ac90665efbe8 h1:A+AM/iFEunDbAi1YXbI7QxdcX5hGtsW2eU26EgcWAvY=
github.com/crescolincs/lincs-theme v0.0.0-20240517113703-ac90665efbe8/go.mod h1:ni1ll4vPX/ckofk6OO22SrUB+Vgms2jSZSE5gRuN+UY=
github.com/crescolincs/lincs-theme v0.0.0-20260512164039-3f6187285b0a h1:BpvkuceNm7AENMw+AKuqjmNDjfLApohcYVFN5IyKRIM=
github.com/crescolincs/lincs-theme v0.0.0-20260512164039-3f6187285b0a/go.mod h1:ni1ll4vPX/ckofk6OO22SrUB+Vgms2jSZSE5gRuN+UY=
github.com/crescolincs/lincs-theme v0.0.0-20260512170220-c7d32faa5c95 h1:62FQ4BGG8/maUTyNdeGqQgKE9+cjM8s5O5i+YlTJv0w=
github.com/crescolincs/lincs-theme v0.0.0-20260512170220-c7d32faa5c95/go.mod h1:ni1ll4vPX/ckofk6OO22SrUB+Vgms2jSZSE5gRuN+UY=
github.com/crescolincs/lincs-theme v0.0.0-20260512170813-57d819832064 h1:a3BcUcqhSD2MrkYseHESVbWqfyv4bQRRh+QHSJT6IwE=
github.com/crescolincs/lincs-theme v0.0.0-20260512170813-57d819832064/go.mod h1:ni1ll4vPX/ckofk6OO22SrUB+Vgms2jSZSE5gRuN+UY=
github.com/crescolincs/lincs-theme v0.0.0-20260512171043-6b524dfa2bc1 h1:SGU5Wn1XkCiA8AYUy5K1ptoN1YfOaQw1mb6Xrb2KUhU=
github.com/crescolincs/lincs-theme v0.0.0-20260512171043-6b524dfa2bc1/go.mod h1:ni1ll4vPX/ckofk6OO22SrUB+Vgms2jSZSE5gRuN+UY=
github.com/crescolincs/lincs-theme v0.0.0-20260512172128-1453b423ca8c h1:4L+U8xllMSq4mL40hSAWL85QrqN+ij7m1g91f4ZyLE0=
github.com/crescolincs/lincs-theme v0.0.0-20260512172128-1453b423ca8c/go.mod h1:ni1ll4vPX/ckofk6OO22SrUB+Vgms2jSZSE5gRuN+UY=
github.com/crescolincs/lincs-theme v0.0.0-20260513094820-53af0fbc96de h1:9U2y81lyLPpTqix/JACIfCOfqHVgE/psnk0lBFcAC9s=
github.com/crescolincs/lincs-theme v0.0.0-20260513094820-53af0fbc96de/go.mod h1:ni1ll4vPX/ckofk6OO22SrUB+Vgms2jSZSE5gRuN+UY=
github.com/crescolincs/lincs-theme v0.0.0-20260513095542-665a5a142a54 h1:fI8CVqiimDODOpEn0WerT6gfaTJhKfgROE7b/2Lt9jw=
github.com/crescolincs/lincs-theme v0.0.0-20260513095542-665a5a142a54/go.mod h1:ni1ll4vPX/ckofk6OO22SrUB+Vgms2jSZSE5gRuN+UY=
github.com/crescolincs/lincs-theme v0.0.0-20260513100216-021eccff51b6 h1:zeNKODIBGMa0730NoJvf1nQb57ZHnhWpIeMssZctg60=
github.com/crescolincs/lincs-theme v0.0.0-20260513100216-021eccff51b6/go.mod h1:ni1ll4vPX/ckofk6OO22SrUB+Vgms2jSZSE5gRuN+UY=
github.com/crescolincs/lincs-theme v0.0.0-20260513100657-fa36a2c24803 h1:hRgIEIPtqhkvp8+C47jIsQM60HHtl87FYlli2qH6xCY=
github.com/crescolincs/lincs-theme v0.0.0-20260513100657-fa36a2c24803/go.mod h1:ni1ll4vPX/ckofk6OO22SrUB+Vgms2jSZSE5gRuN+UY=
github.com/crescolincs/lincs-theme v0.0.0-20260513104717-c7be878a5c7c h1:4yFGVQvPQDUgr605BNYjtDjuhw9S+pFt27uIyvc+W38=
github.com/crescolincs/lincs-theme v0.0.0-20260513104717-c7be878a5c7c/go.mod h1:ni1ll4vPX/ckofk6OO22SrUB+Vgms2jSZSE5gRuN+UY=
github.com/crescolincs/lincs-theme v0.0.0-20260513111147-5bc9cd84d367 h1:NxdOdjdJ26M4s1CD5YVfSytAVkfc4c7t5zOG2wzNP+E=
github.com/crescolincs/lincs-theme v0.0.0-20260513111147-5bc9cd84d367/go.mod h1:ni1ll4vPX/ckofk6OO22SrUB+Vgms2jSZSE5gRuN+UY=
github.com/crescolincs/lincs-theme v0.0.0-20260513111841-a0f7c68b821a h1:SkxBrSi+WYIK/rV2GprqW+kK241Lj+5S0wK9DeEmYBQ=
github.com/crescolincs/lincs-theme v0.0.0-20260513111841-a0f7c68b821a/go.mod h1:ni1ll4vPX/ckofk6OO22SrUB+Vgms2jSZSE5gRuN+UY=
github.com/crescolincs/lincs-theme v0.0.0-20260513121827-4947cd6e8d05 h1:GAgelOX6gULKYDOvFl2wlK/yj2h7/XqL5Epv4T5aFNw=
github.com/crescolincs/lincs-theme v0.0.0-20260513121827-4947cd6e8d05/go.mod h1:ni1ll4vPX/ckofk6OO22SrUB+Vgms2jSZSE5gRuN+UY=
github.com/crescolincs/lincs-theme v0.0.0-20260513123532-54bac08fcd94 h1:y3OoT9yIgjPhcYwiDCLQQuIOa+VDLuqQ+weVPljrNSs=
github.com/crescolincs/lincs-theme v0.0.0-20260513123532-54bac08fcd94/go.mod h1:ni1ll4vPX/ckofk6OO22SrUB+Vgms2jSZSE5gRuN+UY=
github.com/crescolincs/lincs-theme v0.0.0-20260513123853-3fa8e88332b7 h1:6ZhwxkFvWrPZ3+zqGjOGgBDXZGNv4CqaV+j03Cj7nxU=
github.com/crescolincs/lincs-theme v0.0.0-20260513123853-3fa8e88332b7/go.mod h1:ni1ll4vPX/ckofk6OO22SrUB+Vgms2jSZSE5gRuN+UY=
github.com/crescolincs/lincs-theme v0.0.0-20260513130345-e77940920e69 h1:FbRz5wdUuVljpC8ToKouqT+uIKCnOCUGhMIvaGCFZVk=
github.com/crescolincs/lincs-theme v0.0.0-20260513130345-e77940920e69/go.mod h1:ni1ll4vPX/ckofk6OO22SrUB+Vgms2jSZSE5gRuN+UY=
github.com/crescolincs/lincs-theme v0.0.0-20260513130519-ed8d3d9da556 h1:u6kVzAj+LE0qE/pG/qW3fVLrgVgq3+GeNrKgJAGrJPc=
github.com/crescolincs/lincs-theme v0.0.0-20260513130519-ed8d3d9da556/go.mod h1:ni1ll4vPX/ckofk6OO22SrUB+Vgms2jSZSE5gRuN+UY=
github.com/crescolincs/lincs-theme v0.0.0-20260513130749-ee10219f0e1e h1:p87YMorespQ8aSKryxv0BSebtI1eRUMBrF2g8LoXn1g=
github.com/crescolincs/lincs-theme v0.0.0-20260513130749-ee10219f0e1e/go.mod h1:ni1ll4vPX/ckofk6OO22SrUB+Vgms2jSZSE5gRuN+UY=
github.com/crescolincs/lincs-theme v0.0.0-20260513143230-a917f82be343 h1:f7N/9aWu6txKZRylQYvlRrwusQF4EKm99S9GifOfyAw=
github.com/crescolincs/lincs-theme v0.0.0-20260513143230-a917f82be343/go.mod h1:ni1ll4vPX/ckofk6OO22SrUB+Vgms2jSZSE5gRuN+UY=
github.com/crescolincs/lincs-theme v0.0.0-20260513161109-2008c999cb39 h1:/2Pl/szOQJtCrxk95XESpCuc/enfnjEv6hE0Da9bZcE=
github.com/crescolincs/lincs-theme v0.0.0-20260513161109-2008c999cb39/go.mod h1:ni1ll4vPX/ckofk6OO22SrUB+Vgms2jSZSE5gRuN+UY=
github.com/crescolincs/lincs-theme v0.0.0-20260513162233-9d4595a8442d h1:5sfXA+FN4G0s6vR3r/KYy19leX76mzOuYI2VlvBppp8=
github.com/crescolincs/lincs-theme v0.0.0-20260513162233-9d4595a8442d/go.mod h1:ni1ll4vPX/ckofk6OO22SrUB+Vgms2jSZSE5gRuN+UY=
github.com/crescolincs/lincs-theme v0.0.0-20260513163706-3296468247d3 h1:i3jV8EszL7kuOk8boBL98ztahi3658svw0WhP1mzVNo=
github.com/crescolincs/lincs-theme v0.0.0-20260513163706-3296468247d3/go.mod h1:ni1ll4vPX/ckofk6OO22SrUB+Vgms2jSZSE5gRuN+UY=
github.com/crescolincs/lincs-theme v0.0.0-20260513164958-6c2d350d9e7c h1:8w7Ynu2kOaxto018gUj+Hl5W1Hc8GuIxSxyFJt1DA8Y=
github.com/crescolincs/lincs-theme v0.0.0-20260513164958-6c2d350d9e7c/go.mod h1:ni1ll4vPX/ckofk6OO22SrUB+Vgms2jSZSE5gRuN+UY=
github.com/crescolincs/lincs-theme v0.0.0-20260513165135-8d0429676538 h1:j+C4NKTKHS6b1uWjvUkWas12jdEa35Dpsx8FudMb9Bw=
github.com/crescolincs/lincs-theme v0.0.0-20260513165135-8d0429676538/go.mod h1:ni1ll4vPX/ckofk6OO22SrUB+Vgms2jSZSE5gRuN+UY=
github.com/crescolincs/lincs-theme v0.0.0-20260513171000-13e1e7908480 h1:UGhAJBOM995ytbraijIyZYgGFx3vQMZIfqdyUEwMLUo=
github.com/crescolincs/lincs-theme v0.0.0-20260513171000-13e1e7908480/go.mod h1:ni1ll4vPX/ckofk6OO22SrUB+Vgms2jSZSE5gRuN+UY=
github.com/crescolincs/lincs-theme v0.0.0-20260513172026-2d162c847725 h1:Tu/Hr0X721NYy/PWNs3DHP0UERQROA4sadC8K8uvEfo=
github.com/crescolincs/lincs-theme v0.0.0-20260513172026-2d162c847725/go.mod h1:ni1ll4vPX/ckofk6OO22SrUB+Vgms2jSZSE5gRuN+UY=
github.com/crescolincs/lincs-theme v0.0.0-20260513172313-fdccee136ef3 h1:gaCHUKdrLz4AuQymU97vgRRy3x6JAefeQVWS0l36AjA=
github.com/crescolincs/lincs-theme v0.0.0-20260513172313-fdccee136ef3/go.mod h1:ni1ll4vPX/ckofk6OO22SrUB+Vgms2jSZSE5gRuN+UY=
github.com/crescolincs/lincs-theme v0.0.0-20260513201403-3329c603cada h1:2DYmUW67CaWViG7YgNXrekHI+2AkF+u/gP8q9cp9jwA=
github.com/crescolincs/lincs-theme v0.0.0-20260513201403-3329c603cada/go.mod h1:ni1ll4vPX/ckofk6OO22SrUB+Vgms2jSZSE5gRuN+UY=
github.com/crescolincs/lincs-theme v0.0.0-20260513204418-803622a5c2db h1:ENq4rsUR5NqOmPAaQpLBdPwFyLvDnVjlzRrg86MBihk=
github.com/crescolincs/lincs-theme v0.0.0-20260513204418-803622a5c2db/go.mod h1:ni1ll4vPX/ckofk6OO22SrUB+Vgms2jSZSE5gRuN+UY=
github.com/crescolincs/lincs-theme v0.0.0-20260514081412-5f3f828cc942 h1:WdP38onNBvClxcwOnIGNs2/wdM9G/d8wY0UlAoU7Jrk=
github.com/crescolincs/lincs-theme v0.0.0-20260514081412-5f3f828cc942/go.mod h1:ni1ll4vPX/ckofk6OO22SrUB+Vgms2jSZSE5gRuN+UY=
